
Microsoft Visual Studio Solution File, Format Version 12.00
# Visual Studio Version 16
VisualStudioVersion = 16.0.32126.315
MinimumVisualStudioVersion = 10.0.40219.1
Project("{FAE04EC0-301F-11D3-BF4B-00C04F79EFBC}") = "Dailybiz_API", "Dailybiz_API\Dailybiz_API.csproj", "{A5FD3835-D79F-4FB3-A286-15AEE9C7625B}"
EndProject
Global
	GlobalSection(SolutionConfigurationPlatforms) = preSolution
		Debug|Any CPU = Debug|Any CPU
		Release|Any CPU = Release|Any CPU
	EndGlobalSection
	GlobalSection(ProjectConfigurationPlatforms) = postSolution
		{A5FD3835-D79F-4FB3-A286-15AEE9C7625B}.Debug|Any CPU.ActiveCfg = Debug|Any CPU
		{A5FD3835-D79F-4FB3-A286-15AEE9C7625B}.Debug|Any CPU.Build.0 = Debug|Any CPU
		{A5FD3835-D79F-4FB3-A286-15AEE9C7625B}.Release|Any CPU.ActiveCfg = Release|Any CPU
		{A5FD3835-D79F-4FB3-A286-15AEE9C7625B}.Release|Any CPU.Build.0 = Release|Any CPU
	EndGlobalSection
	GlobalSection(SolutionProperties) = preSolution
		HideSolutionNode = FALSE
	EndGlobalSection
	GlobalSection(ExtensibilityGlobals) = postSolution
		SolutionGuid = {7A0F85A3-06BB-4246-A448-7965896AE4E3}
	EndGlobalSection
EndGlobal
